{
    "_readme": [
        "This file locks the dependencies of your project to a known state",
        "Read more about it at http://getcomposer.org/doc/01-basic-usage.md#composer-lock-the-lock-file",
        "This file is @generated automatically"
    ],
    "hash": "acd212eebbd96b8e24c7d5507c66ab38",
    "packages": [
        {
            "name": "guzzlehttp/guzzle",
            "version": "4.1.8",
            "source": {
                "type": "git",
                "url": "https://github.com/guzzle/guzzle.git",
                "reference": "e196b8f44f9492a11261ea8f7b9724613a198daf"
            },
            "dist": {
                "type": "zip",
                "url": "https://api.github.com/repos/guzzle/guzzle/zipball/e196b8f44f9492a11261ea8f7b9724613a198daf",
                "reference": "e196b8f44f9492a11261ea8f7b9724613a198daf",
                "shasum": ""
            },
            "require": {
                "ext-json": "*",
                "guzzlehttp/streams": "~1.4",
                "php": ">=5.4.0"
            },
            "require-dev": {
                "ext-curl": "*",
                "phpunit/phpunit": "~4.0",
                "psr/log": "~1.0"
            },
            "suggest": {
                "ext-curl": "Guzzle will use specific adapters if cURL is present"
            },
            "type": "library",
            "extra": {
                "branch-alias": {
                    "dev-master": "4.1-dev"
                }
            },
            "autoload": {
                "psr-4": {
                    "GuzzleHttp\\": "src/"
                },
                "files": [
                    "src/functions.php"
                ]
            },
            "notification-url": "https://packagist.org/downloads/",
            "license": [
                "MIT"
            ],
            "authors": [
                {
                    "name": "Michael Dowling",
                    "email": "mtdowling@gmail.com",
                    "homepage": "https://github.com/mtdowling"
                }
            ],
            "description": "Guzzle is a PHP HTTP client library and framework for building RESTful web service clients",
            "homepage": "http://guzzlephp.org/",
            "keywords": [
                "client",
                "curl",
                "framework",
                "http",
                "http client",
                "rest",
                "web service"
            ],
            "time": "2014-08-14 20:29:51"
        },
        {
            "name": "guzzlehttp/streams",
            "version": "1.5.1",
            "source": {
                "type": "git",
                "url": "https://github.com/guzzle/streams.git",
                "reference": "fb0d1ee29987c2bdc59867bffaade6fc88c2675f"
            },
            "dist": {
                "type": "zip",
                "url": "https://api.github.com/repos/guzzle/streams/zipball/fb0d1ee29987c2bdc59867bffaade6fc88c2675f",
                "reference": "fb0d1ee29987c2bdc59867bffaade6fc88c2675f",
                "shasum": ""
            },
            "require": {
                "php": ">=5.4.0"
            },
            "require-dev": {
                "phpunit/phpunit": "~4.0"
            },
            "type": "library",
            "extra": {
                "branch-alias": {
                    "dev-master": "1.5-dev"
                }
            },
            "autoload": {
                "psr-4": {
                    "GuzzleHttp\\Stream\\": "src/"
                },
                "files": [
                    "src/functions.php"
                ]
            },
            "notification-url": "https://packagist.org/downloads/",
            "license": [
                "MIT"
            ],
            "authors": [
                {
                    "name": "Michael Dowling",
                    "email": "mtdowling@gmail.com",
                    "homepage": "https://github.com/mtdowling"
                }
            ],
            "description": "Provides a simple abstraction over streams of data (Guzzle 4+)",
            "homepage": "http://guzzlephp.org/",
            "keywords": [
                "Guzzle",
                "stream"
            ],
            "time": "2014-08-10 23:57:01"
        },
        {
            "name": "sebastian/git",
            "version": "dev-master",
            "source": {
                "type": "git",
                "url": "https://github.com/sebastianbergmann/git.git",
                "reference": "2d5c139d0eedcb9e67e0e9ca08023be6e9b7b47b"
            },
            "dist": {
                "type": "zip",
                "url": "https://api.github.com/repos/sebastianbergmann/git/zipball/2d5c139d0eedcb9e67e0e9ca08023be6e9b7b47b",
                "reference": "2d5c139d0eedcb9e67e0e9ca08023be6e9b7b47b",
                "shasum": ""
            },
            "require": {
                "php": ">=5.3.3"
            },
            "type": "library",
            "extra": {
                "branch-alias": {
                    "dev-master": "2.0-dev"
                }
            },
            "autoload": {
                "classmap": [
                    "src/"
                ]
            },
            "notification-url": "https://packagist.org/downloads/",
            "license": [
                "BSD-3-Clause"
            ],
            "authors": [
                {
                    "name": "Sebastian Bergmann",
                    "email": "sebastian@phpunit.de"
                }
            ],
            "description": "Simple wrapper for Git",
            "homepage": "http://www.github.com/sebastianbergmann/git",
            "keywords": [
                "git"
            ],
            "time": "2015-04-06 16:23:43"
        },
        {
            "name": "symfony/filesystem",
            "version": "v2.6.6",
            "target-dir": "Symfony/Component/Filesystem",
            "source": {
                "type": "git",
                "url": "https://github.com/symfony/Filesystem.git",
                "reference": "4983964b3693e4f13449cb3800c64a9112c301b4"
            },
            "dist": {
                "type": "zip",
                "url": "https://api.github.com/repos/symfony/Filesystem/zipball/4983964b3693e4f13449cb3800c64a9112c301b4",
                "reference": "4983964b3693e4f13449cb3800c64a9112c301b4",
                "shasum": ""
            },
            "require": {
                "php": ">=5.3.3"
            },
            "require-dev": {
                "symfony/phpunit-bridge": "~2.7"
            },
            "type": "library",
            "extra": {
                "branch-alias": {
                    "dev-master": "2.6-dev"
                }
            },
            "autoload": {
                "psr-0": {
                    "Symfony\\Component\\Filesystem\\": ""
                }
            },
            "notification-url": "https://packagist.org/downloads/",
            "license": [
                "MIT"
            ],
            "authors": [
                {
                    "name": "Symfony Community",
                    "homepage": "http://symfony.com/contributors"
                },
                {
                    "name": "Fabien Potencier",
                    "email": "fabien@symfony.com"
                }
            ],
            "description": "Symfony Filesystem Component",
            "homepage": "http://symfony.com",
            "time": "2015-03-22 16:55:57"
        },
        {
            "name": "symfony/process",
            "version": "v2.6.6",
            "target-dir": "Symfony/Component/Process",
            "source": {
                "type": "git",
                "url": "https://github.com/symfony/Process.git",
                "reference": "a8bebaec1a9dc6cde53e0250e32917579b0be552"
            },
            "dist": {
                "type": "zip",
                "url": "https://api.github.com/repos/symfony/Process/zipball/a8bebaec1a9dc6cde53e0250e32917579b0be552",
                "reference": "a8bebaec1a9dc6cde53e0250e32917579b0be552",
                "shasum": ""
            },
            "require": {
                "php": ">=5.3.3"
            },
            "require-dev": {
                "symfony/phpunit-bridge": "~2.7"
            },
            "type": "library",
            "extra": {
                "branch-alias": {
                    "dev-master": "2.6-dev"
                }
            },
            "autoload": {
                "psr-0": {
                    "Symfony\\Component\\Process\\": ""
                }
            },
            "notification-url": "https://packagist.org/downloads/",
            "license": [
                "MIT"
            ],
            "authors": [
                {
                    "name": "Symfony Community",
                    "homepage": "http://symfony.com/contributors"
                },
                {
                    "name": "Fabien Potencier",
                    "email": "fabien@symfony.com"
                }
            ],
            "description": "Symfony Process Component",
            "homepage": "http://symfony.com",
            "time": "2015-03-30 15:54:10"
        },
        {
            "name": "usabilitydynamics/docker-php",
            "version": "master",
            "source": {
                "type": "git",
                "url": "git@github.com:UsabilityDynamics/docker-php",
                "reference": "master"
            },
            "dist": {
                "type": "zip",
                "url": "https://github.com/UsabilityDynamics/docker-php/archive/master.zip",
                "reference": null,
                "shasum": null
            },
            "require": {
                "guzzlehttp/guzzle": "~4.1",
                "guzzlehttp/streams": "~1.3",
                "php": ">=5.4",
                "symfony/filesystem": "~2.3",
                "symfony/process": "~2.3"
            },
            "require-dev": {
                "phpunit/phpunit": "~3.7"
            },
            "type": "library",
            "extra": {
                "installer-name": "docker-php"
            },
            "autoload": {
                "psr-0": {
                    "_empty_": "src/"
                }
            },
            "license": [
                "MIT"
            ],
            "description": "A Docker PHP client",
            "time": "2015-04-24 15:52:17"
        }
    ],
    "packages-dev": [],
    "aliases": [],
    "minimum-stability": "stable",
    "stability-flags": {
        "usabilitydynamics/docker-php": 20,
        "sebastian/git": 20
    },
    "prefer-stable": false,
    "prefer-lowest": false,
    "platform": [],
    "platform-dev": []
}
